
Microsoft Visual Studio Solution File, Format Version 12.00
# Visual Studio Version 17
VisualStudioVersion = 17.2.32602.215
MinimumVisualStudioVersion = 10.0.40219.1
Project("{9A19103F-16F7-4668-BE54-9A1E7A4F7556}") = "FashionStore.Data", "FashionStore.Data\FashionStore.Data.csproj", "{90A51277-021F-4592-9431-FDF4B72DBF88}"
EndProject
Project("{9A19103F-16F7-4668-BE54-9A1E7A4F7556}") = "FashionStore.BackendAPI", "FashionStore.BackendAPI\FashionStore.BackendAPI.csproj", "{C310C3E6-19BD-4C13-B50A-7D463C0077BD}"
EndProject
Project("{9A19103F-16F7-4668-BE54-9A1E7A4F7556}") = "FashionStore.Application", "FashionStore.Application\FashionStore.Application.csproj", "{78E2CD60-0AB5-4B65-9BFB-E8AE4E8F9453}"
EndProject
Project("{FAE04EC0-301F-11D3-BF4B-00C04F79EFBC}") = "FashionStore.ViewModel", "FashionStore.ViewModel\FashionStore.ViewModel.csproj", "{482C0EC3-A4A2-44B6-99B1-65A3B5FE1D88}"
EndProject
Global
	GlobalSection(SolutionConfigurationPlatforms) = preSolution
		Debug|Any CPU = Debug|Any CPU
		Release|Any CPU = Release|Any CPU
	EndGlobalSection
	GlobalSection(ProjectConfigurationPlatforms) = postSolution
		{90A51277-021F-4592-9431-FDF4B72DBF88}.Debug|Any CPU.ActiveCfg = Debug|Any CPU
		{90A51277-021F-4592-9431-FDF4B72DBF88}.Debug|Any CPU.Build.0 = Debug|Any CPU
		{90A51277-021F-4592-9431-FDF4B72DBF88}.Release|Any CPU.ActiveCfg = Release|Any CPU
		{90A51277-021F-4592-9431-FDF4B72DBF88}.Release|Any CPU.Build.0 = Release|Any CPU
		{C310C3E6-19BD-4C13-B50A-7D463C0077BD}.Debug|Any CPU.ActiveCfg = Debug|Any CPU
		{C310C3E6-19BD-4C13-B50A-7D463C0077BD}.Debug|Any CPU.Build.0 = Debug|Any CPU
		{C310C3E6-19BD-4C13-B50A-7D463C0077BD}.Release|Any CPU.ActiveCfg = Release|Any CPU
		{C310C3E6-19BD-4C13-B50A-7D463C0077BD}.Release|Any CPU.Build.0 = Release|Any CPU
		{78E2CD60-0AB5-4B65-9BFB-E8AE4E8F9453}.Debug|Any CPU.ActiveCfg = Debug|Any CPU
		{78E2CD60-0AB5-4B65-9BFB-E8AE4E8F9453}.Debug|Any CPU.Build.0 = Debug|Any CPU
		{78E2CD60-0AB5-4B65-9BFB-E8AE4E8F9453}.Release|Any CPU.ActiveCfg = Release|Any CPU
		{78E2CD60-0AB5-4B65-9BFB-E8AE4E8F9453}.Release|Any CPU.Build.0 = Release|Any CPU
		{482C0EC3-A4A2-44B6-99B1-65A3B5FE1D88}.Debug|Any CPU.ActiveCfg = Debug|Any CPU
		{482C0EC3-A4A2-44B6-99B1-65A3B5FE1D88}.Debug|Any CPU.Build.0 = Debug|Any CPU
		{482C0EC3-A4A2-44B6-99B1-65A3B5FE1D88}.Release|Any CPU.ActiveCfg = Release|Any CPU
		{482C0EC3-A4A2-44B6-99B1-65A3B5FE1D88}.Release|Any CPU.Build.0 = Release|Any CPU
	EndGlobalSection
	GlobalSection(SolutionProperties) = preSolution
		HideSolutionNode = FALSE
	EndGlobalSection
	GlobalSection(ExtensibilityGlobals) = postSolution
		SolutionGuid = {16FA0E8E-97F3-4436-8129-9A6A9B2F055B}
	EndGlobalSection
EndGlobal
